
Microsoft Visual Studio Solution File, Format Version 12.00
# Visual Studio Version 16
VisualStudioVersion = 16.0.29519.181
MinimumVisualStudioVersion = 10.0.40219.1
Project("{9A19103F-16F7-4668-BE54-9A1E7A4F7556}") = "RegisterDiscoveryService", "RegisterDiscoveryService.csproj", "{F90ADF6E-682B-4F34-889B-8459AFAF2DA4}"
EndProject
Global
	GlobalSection(SolutionConfigurationPlatforms) = preSolution
		Debug|Any CPU = Debug|Any CPU
		Release|Any CPU = Release|Any CPU
	EndGlobalSection
	GlobalSection(ProjectConfigurationPlatforms) = postSolution
		{F90ADF6E-682B-4F34-889B-8459AFAF2DA4}.Debug|Any CPU.ActiveCfg = Debug|Any CPU
		{F90ADF6E-682B-4F34-889B-8459AFAF2DA4}.Debug|Any CPU.Build.0 = Debug|Any CPU
		{F90ADF6E-682B-4F34-889B-8459AFAF2DA4}.Release|Any CPU.ActiveCfg = Release|Any CPU
		{F90ADF6E-682B-4F34-889B-8459AFAF2DA4}.Release|Any CPU.Build.0 = Release|Any CPU
	EndGlobalSection
	GlobalSection(SolutionProperties) = preSolution
		HideSolutionNode = FALSE
	EndGlobalSection
	GlobalSection(ExtensibilityGlobals) = postSolution
		SolutionGuid = {1291D46A-FFEC-49EF-98C3-7616CC681A39}
	EndGlobalSection
EndGlobal
